
Microsoft Visual Studio Solution File, Format Version 12.00
# Visual Studio Version 17
VisualStudioVersion = 17.11.35303.130
MinimumVisualStudioVersion = 10.0.40219.1
Project("{FAE04EC0-301F-11D3-BF4B-00C04F79EFBC}") = "Test#2_GuessTheNumber", "Test#2_GuessTheNumber.csproj", "{ABFA7451-3C49-4B8E-A14B-5AF033EF51F5}"
EndProject
Global
	GlobalSection(SolutionConfigurationPlatforms) = preSolution
		Debug|Any CPU = Debug|Any CPU
		Release|Any CPU = Release|Any CPU
	EndGlobalSection
	GlobalSection(ProjectConfigurationPlatforms) = postSolution
		{ABFA7451-3C49-4B8E-A14B-5AF033EF51F5}.Debug|Any CPU.ActiveCfg = Debug|Any CPU
		{ABFA7451-3C49-4B8E-A14B-5AF033EF51F5}.Debug|Any CPU.Build.0 = Debug|Any CPU
		{ABFA7451-3C49-4B8E-A14B-5AF033EF51F5}.Release|Any CPU.ActiveCfg = Release|Any CPU
		{ABFA7451-3C49-4B8E-A14B-5AF033EF51F5}.Release|Any CPU.Build.0 = Release|Any CPU
	EndGlobalSection
	GlobalSection(SolutionProperties) = preSolution
		HideSolutionNode = FALSE
	EndGlobalSection
	GlobalSection(ExtensibilityGlobals) = postSolution
		SolutionGuid = {4E8372EE-C6CC-49E8-AB8A-2F084F9B2788}
	EndGlobalSection
EndGlobal
